
Microsoft Visual Studio Solution File, Format Version 12.00
# Visual Studio Version 16
VisualStudioVersion = 16.0.30011.22
MinimumVisualStudioVersion = 10.0.40219.1
Project("{FAE04EC0-301F-11D3-BF4B-00C04F79EFBC}") = "CardGameWF", "CardGameWF\CardGameWF.csproj", "{4EFAF8AA-7575-45ED-B888-1D9993E358DB}"
EndProject
Global
	GlobalSection(SolutionConfigurationPlatforms) = preSolution
		Debug|Any CPU = Debug|Any CPU
		Release|Any CPU = Release|Any CPU
	EndGlobalSection
	GlobalSection(ProjectConfigurationPlatforms) = postSolution
		{4EFAF8AA-7575-45ED-B888-1D9993E358DB}.Debug|Any CPU.ActiveCfg = Debug|Any CPU
		{4EFAF8AA-7575-45ED-B888-1D9993E358DB}.Debug|Any CPU.Build.0 = Debug|Any CPU
		{4EFAF8AA-7575-45ED-B888-1D9993E358DB}.Release|Any CPU.ActiveCfg = Release|Any CPU
		{4EFAF8AA-7575-45ED-B888-1D9993E358DB}.Release|Any CPU.Build.0 = Release|Any CPU
	EndGlobalSection
	GlobalSection(SolutionProperties) = preSolution
		HideSolutionNode = FALSE
	EndGlobalSection
	GlobalSection(ExtensibilityGlobals) = postSolution
		SolutionGuid = {A1596000-B220-45E5-8E6E-1043B7F8A10B}
	EndGlobalSection
EndGlobal
